
Microsoft Visual Studio Solution File, Format Version 12.00
# Visual Studio Version 17
VisualStudioVersion = 17.8.34330.188
MinimumVisualStudioVersion = 10.0.40219.1
Project("{FAE04EC0-301F-11D3-BF4B-00C04F79EFBC}") = "SalonCoafor", "SalonCoafor\SalonCoafor.csproj", "{8CCC68D9-EA54-46DC-912B-619677914B0D}"
EndProject
Global
	GlobalSection(SolutionConfigurationPlatforms) = preSolution
		Debug|Any CPU = Debug|Any CPU
		Release|Any CPU = Release|Any CPU
	EndGlobalSection
	GlobalSection(ProjectConfigurationPlatforms) = postSolution
		{8CCC68D9-EA54-46DC-912B-619677914B0D}.Debug|Any CPU.ActiveCfg = Debug|Any CPU
		{8CCC68D9-EA54-46DC-912B-619677914B0D}.Debug|Any CPU.Build.0 = Debug|Any CPU
		{8CCC68D9-EA54-46DC-912B-619677914B0D}.Release|Any CPU.ActiveCfg = Release|Any CPU
		{8CCC68D9-EA54-46DC-912B-619677914B0D}.Release|Any CPU.Build.0 = Release|Any CPU
	EndGlobalSection
	GlobalSection(SolutionProperties) = preSolution
		HideSolutionNode = FALSE
	EndGlobalSection
	GlobalSection(ExtensibilityGlobals) = postSolution
		SolutionGuid = {6734B079-EF61-4266-9A88-11AF11FDA27A}
	EndGlobalSection
EndGlobal
